
Microsoft Visual Studio Solution File, Format Version 12.00
# Visual Studio Version 17
VisualStudioVersion = 17.4.33213.308
MinimumVisualStudioVersion = 10.0.40219.1
Project("{8BC9CEB8-8B4A-11D0-8D11-00A0C91BC942}") = "15_Unnamed and inline namespaces", "15_Unnamed and inline namespaces\15_Unnamed and inline namespaces.vcxproj", "{B2FA8DC9-BC44-42E7-AAFB-A3491677DE60}"
EndProject
Global
	GlobalSection(SolutionConfigurationPlatforms) = preSolution
		Debug|x64 = Debug|x64
		Debug|x86 = Debug|x86
		Release|x64 = Release|x64
		Release|x86 = Release|x86
	EndGlobalSection
	GlobalSection(ProjectConfigurationPlatforms) = postSolution
		{B2FA8DC9-BC44-42E7-AAFB-A3491677DE60}.Debug|x64.ActiveCfg = Debug|x64
		{B2FA8DC9-BC44-42E7-AAFB-A3491677DE60}.Debug|x64.Build.0 = Debug|x64
		{B2FA8DC9-BC44-42E7-AAFB-A3491677DE60}.Debug|x86.ActiveCfg = Debug|Win32
		{B2FA8DC9-BC44-42E7-AAFB-A3491677DE60}.Debug|x86.Build.0 = Debug|Win32
		{B2FA8DC9-BC44-42E7-AAFB-A3491677DE60}.Release|x64.ActiveCfg = Release|x64
		{B2FA8DC9-BC44-42E7-AAFB-A3491677DE60}.Release|x64.Build.0 = Release|x64
		{B2FA8DC9-BC44-42E7-AAFB-A3491677DE60}.Release|x86.ActiveCfg = Release|Win32
		{B2FA8DC9-BC44-42E7-AAFB-A3491677DE60}.Release|x86.Build.0 = Release|Win32
	EndGlobalSection
	GlobalSection(SolutionProperties) = preSolution
		HideSolutionNode = FALSE
	EndGlobalSection
	GlobalSection(ExtensibilityGlobals) = postSolution
		SolutionGuid = {4BC47C9A-E152-4CB7-BE26-717D67461212}
	EndGlobalSection
EndGlobal
