
Microsoft Visual Studio Solution File, Format Version 12.00
# Visual Studio Version 17
VisualStudioVersion = 17.3.32825.248
MinimumVisualStudioVersion = 10.0.40219.1
Project("{8BC9CEB8-8B4A-11D0-8D11-00A0C91BC942}") = "05_Introduction to iostream (cout, cin, and endl)", "05_Introduction to iostream (cout, cin, and endl)\05_Introduction to iostream (cout, cin, and endl).vcxproj", "{0067E157-FE1A-43C8-BD99-437728C369FC}"
EndProject
Global
	GlobalSection(SolutionConfigurationPlatforms) = preSolution
		Debug|x64 = Debug|x64
		Debug|x86 = Debug|x86
		Release|x64 = Release|x64
		Release|x86 = Release|x86
	EndGlobalSection
	GlobalSection(ProjectConfigurationPlatforms) = postSolution
		{0067E157-FE1A-43C8-BD99-437728C369FC}.Debug|x64.ActiveCfg = Debug|x64
		{0067E157-FE1A-43C8-BD99-437728C369FC}.Debug|x64.Build.0 = Debug|x64
		{0067E157-FE1A-43C8-BD99-437728C369FC}.Debug|x86.ActiveCfg = Debug|Win32
		{0067E157-FE1A-43C8-BD99-437728C369FC}.Debug|x86.Build.0 = Debug|Win32
		{0067E157-FE1A-43C8-BD99-437728C369FC}.Release|x64.ActiveCfg = Release|x64
		{0067E157-FE1A-43C8-BD99-437728C369FC}.Release|x64.Build.0 = Release|x64
		{0067E157-FE1A-43C8-BD99-437728C369FC}.Release|x86.ActiveCfg = Release|Win32
		{0067E157-FE1A-43C8-BD99-437728C369FC}.Release|x86.Build.0 = Release|Win32
	EndGlobalSection
	GlobalSection(SolutionProperties) = preSolution
		HideSolutionNode = FALSE
	EndGlobalSection
	GlobalSection(ExtensibilityGlobals) = postSolution
		SolutionGuid = {989D12E1-F221-4FFB-961C-8F147D509281}
	EndGlobalSection
EndGlobal
