
Microsoft Visual Studio Solution File, Format Version 12.00
# Visual Studio Version 17
VisualStudioVersion = 17.3.32825.248
MinimumVisualStudioVersion = 10.0.40219.1
Project("{8BC9CEB8-8B4A-11D0-8D11-00A0C91BC942}") = "10_Introduction to expressions", "10_Introduction to expressions\10_Introduction to expressions.vcxproj", "{8557A752-20B8-4E30-AAAE-D88F65175F97}"
EndProject
Global
	GlobalSection(SolutionConfigurationPlatforms) = preSolution
		Debug|x64 = Debug|x64
		Debug|x86 = Debug|x86
		Release|x64 = Release|x64
		Release|x86 = Release|x86
	EndGlobalSection
	GlobalSection(ProjectConfigurationPlatforms) = postSolution
		{8557A752-20B8-4E30-AAAE-D88F65175F97}.Debug|x64.ActiveCfg = Debug|x64
		{8557A752-20B8-4E30-AAAE-D88F65175F97}.Debug|x64.Build.0 = Debug|x64
		{8557A752-20B8-4E30-AAAE-D88F65175F97}.Debug|x86.ActiveCfg = Debug|Win32
		{8557A752-20B8-4E30-AAAE-D88F65175F97}.Debug|x86.Build.0 = Debug|Win32
		{8557A752-20B8-4E30-AAAE-D88F65175F97}.Release|x64.ActiveCfg = Release|x64
		{8557A752-20B8-4E30-AAAE-D88F65175F97}.Release|x64.Build.0 = Release|x64
		{8557A752-20B8-4E30-AAAE-D88F65175F97}.Release|x86.ActiveCfg = Release|Win32
		{8557A752-20B8-4E30-AAAE-D88F65175F97}.Release|x86.Build.0 = Release|Win32
	EndGlobalSection
	GlobalSection(SolutionProperties) = preSolution
		HideSolutionNode = FALSE
	EndGlobalSection
	GlobalSection(ExtensibilityGlobals) = postSolution
		SolutionGuid = {134A3B01-BAB9-4E48-9AA6-976BD1CF4780}
	EndGlobalSection
EndGlobal
